{
  "lockfileVersion": 1,
  "configVersion": 1,
  "workspaces": {
    "": {
      "name": "lumenu",
      "devDependencies": {
        "lefthook": "2.1.8",
        "oxfmt": "^0.24.0",
        "oxlint": "^1.39.0",
      },
    },
    "packages/keylight": {
      "name": "@lumenu/keylight",
      "dependencies": {
        "effect": "catalog:",
      },
      "devDependencies": {
        "@types/bun": "catalog:",
      },
      "peerDependencies": {
        "typescript": "catalog:",
      },
    },
    "packages/mdns": {
      "name": "@lumenu/mdns",
      "dependencies": {
        "bonjour": "^3.5.0",
        "effect": "catalog:",
      },
      "devDependencies": {
        "@types/bonjour": "^3.5.13",
        "@types/bun": "catalog:",
      },
      "peerDependencies": {
        "typescript": "catalog:",
      },
    },
    "packages/storage": {
      "name": "@lumenu/storage",
      "dependencies": {
        "drizzle-orm": "^0.44.7",
        "effect": "catalog:",
      },
      "devDependencies": {
        "@types/bun": "catalog:",
      },
      "peerDependencies": {
        "typescript": "catalog:",
      },
    },
    "packages/tui": {
      "name": "tui",
      "dependencies": {
        "@opentui/core": "^0.2.15",
        "@opentui/react": "^0.2.15",
        "react": "^19.2.6",
      },
      "devDependencies": {
        "@types/bun": "latest",
      },
      "peerDependencies": {
        "typescript": "^5",
      },
    },
  },
  "catalog": {
    "@types/bun": "latest",
    "effect": "^3",
    "typescript": "^5",
  },
  "packages": {
    "@leichtgewicht/ip-codec": ["@leichtgewicht/ip-codec@2.0.5", "", {}, "sha512-Vo+PSpZG2/fmgmiNzYK9qWRh8h/CHrwD0mo1h1DzL4yzHNSfWYujGTYsWGreD000gcgmZ7K4Ys6Tx9TxtsKdDw=="],

    "@lumenu/keylight": ["@lumenu/keylight@workspace:packages/keylight"],

    "@lumenu/mdns": ["@lumenu/mdns@workspace:packages/mdns"],

    "@lumenu/storage": ["@lumenu/storage@workspace:packages/storage"],

    "@opentui/core": ["@opentui/core@0.2.15", "", { "dependencies": { "bun-ffi-structs": "0.2.2", "diff": "9.0.0", "marked": "17.0.1", "string-width": "7.2.0", "strip-ansi": "7.1.2", "yoga-layout": "3.2.1" }, "optionalDependencies": { "@opentui/core-darwin-arm64": "0.2.15", "@opentui/core-darwin-x64": "0.2.15", "@opentui/core-linux-arm64": "0.2.15", "@opentui/core-linux-x64": "0.2.15", "@opentui/core-win32-arm64": "0.2.15", "@opentui/core-win32-x64": "0.2.15" }, "peerDependencies": { "web-tree-sitter": "0.25.10" } }, "sha512-YGHttdZWScMcSvtYgZkLR6VhUO1OoUiQzwYjZgIusf5eCkPLD8PapH+PTMVqAiX16CHO6JxfMlkHv5qDiHAccQ=="],

    "@opentui/core-darwin-arm64": ["@opentui/core-darwin-arm64@0.2.15", "", { "os": "darwin", "cpu": "arm64" }, "sha512-s25f9GmZd6wxNM5ExRmwwnLT+NLCKxnTWuO9aObOlqsXfLMGHQZrb6YwgAn/PSTua98KmH7GJCVWdPgZ/P+0RQ=="],

    "@opentui/core-darwin-x64": ["@opentui/core-darwin-x64@0.2.15", "", { "os": "darwin", "cpu": "x64" }, "sha512-GyaipN+nOcEr8rcTO2mqKTGmOBk0C300I69fLtubD3BadHcMI1DVNlQrcf/J1mkQEuMYbmBTi/1hT1ybWGr2Mw=="],

    "@opentui/core-linux-arm64": ["@opentui/core-linux-arm64@0.2.15", "", { "os": "linux", "cpu": "arm64" }, "sha512-h+uyufselGT4afKMP8Lg4yUl5Kp+DJBlhu3XpWXhphE5Pnq5+f0uGBr4P+34CNcWxMsDnvagSQLFRCS4rGrOWA=="],

    "@opentui/core-linux-x64": ["@opentui/core-linux-x64@0.2.15", "", { "os": "linux", "cpu": "x64" }, "sha512-jx+NImPq4wSp3Apfe7tlixiEJNnRyECTRJRWhGF6ZJz4PwFfgK2UHZKYR0DZHbV8nYawoDNQPJDXEWcoZShnMg=="],

    "@opentui/core-win32-arm64": ["@opentui/core-win32-arm64@0.2.15", "", { "os": "win32", "cpu": "arm64" }, "sha512-2SQQLvf3sgmToxrNika9AdcccKrjPJEn5jW6sSv0oEixNBzUzW41vSZZG4LM/V3lL8eg0LoYDnRZeKLB4gwSqQ=="],

    "@opentui/core-win32-x64": ["@opentui/core-win32-x64@0.2.15", "", { "os": "win32", "cpu": "x64" }, "sha512-SVMVgnC7LVEm+yVZKdmmhRBj/xAT94PanT+UCcHxaCWK+OLmv/AX+ohHq2m0odup6iXcEqj+7mAltO9fgJLFIg=="],

    "@opentui/react": ["@opentui/react@0.2.15", "", { "dependencies": { "@opentui/core": "0.2.15", "react-reconciler": "^0.33.0" }, "peerDependencies": { "react": ">=19.2.0", "react-devtools-core": "^7.0.1", "ws": "^8.18.0" } }, "sha512-X8ijyJNrLFJPa54g8KsHoIXd+Lf4XzNZIF4IhAOujPB5fVDgsIgqP6SGIOQ8PeiZvbXZn/jxS/odj300i2QofA=="],

    "@oxfmt/darwin-arm64": ["@oxfmt/darwin-arm64@0.24.0", "", { "os": "darwin", "cpu": "arm64" }, "sha512-aYXuGf/yq8nsyEcHindGhiz9I+GEqLkVq8CfPbd+6VE259CpPEH+CaGHEO1j6vIOmNr8KHRq+IAjeRO2uJpb8A=="],

    "@oxfmt/darwin-x64": ["@oxfmt/darwin-x64@0.24.0", "", { "os": "darwin", "cpu": "x64" }, "sha512-vs3b8Bs53hbiNvcNeBilzE/+IhDTWKjSBB3v/ztr664nZk65j0xr+5IHMBNz3CFppmX7o/aBta2PxY+t+4KoPg=="],

    "@oxfmt/linux-arm64-gnu": ["@oxfmt/linux-arm64-gnu@0.24.0", "", { "os": "linux", "cpu": "arm64" }, "sha512-ItPDOPoQ0wLj/s8osc5ch57uUcA1Wk8r0YdO8vLRpXA3UNg7KPOm1vdbkIZRRiSUphZcuX5ioOEetEK8H7RlTw=="],

    "@oxfmt/linux-arm64-musl": ["@oxfmt/linux-arm64-musl@0.24.0", "", { "os": "linux", "cpu": "arm64" }, "sha512-JkQO3WnQjQTJONx8nxdgVBfl6BBFfpp9bKhChYhWeakwJdr7QPOAWJ/v3FGZfr0TbqINwnNR74aVZayDDRyXEA=="],

    "@oxfmt/linux-x64-gnu": ["@oxfmt/linux-x64-gnu@0.24.0", "", { "os": "linux", "cpu": "x64" }, "sha512-N/SXlFO+2kak5gMt0oxApi0WXQDhwA0PShR0UbkY0PwtHjfSiDqJSOumyNqgQVoroKr1GNnoRmUqjZIz6DKIcw=="],

    "@oxfmt/linux-x64-musl": ["@oxfmt/linux-x64-musl@0.24.0", "", { "os": "linux", "cpu": "x64" }, "sha512-WM0pek5YDCQf50XQ7GLCE9sMBCMPW/NPAEPH/Hx6Qyir37lEsP4rUmSECo/QFNTU6KBc9NnsviAyJruWPpCMXw=="],

    "@oxfmt/win32-arm64": ["@oxfmt/win32-arm64@0.24.0", "", { "os": "win32", "cpu": "arm64" }, "sha512-vFCseli1KWtwdHrVlT/jWfZ8jP8oYpnPPEjI23mPLW8K/6GEJmmvy0PZP5NpWUFNTzX0lqie58XnrATJYAe9Xw=="],

    "@oxfmt/win32-x64": ["@oxfmt/win32-x64@0.24.0", "", { "os": "win32", "cpu": "x64" }, "sha512-0tmlNzcyewAnauNeBCq0xmAkmiKzl+H09p0IdHy+QKrTQdtixtf+AOjDAADbRfihkS+heF15Pjc4IyJMdAAJjw=="],

    "@oxlint/darwin-arm64": ["@oxlint/darwin-arm64@1.39.0", "", { "os": "darwin", "cpu": "arm64" }, "sha512-lT3hNhIa02xCujI6YGgjmYGg3Ht/X9ag5ipUVETaMpx5Rd4BbTNWUPif1WN1YZHxt3KLCIqaAe7zVhatv83HOQ=="],

    "@oxlint/darwin-x64": ["@oxlint/darwin-x64@1.39.0", "", { "os": "darwin", "cpu": "x64" }, "sha512-UT+rfTWd+Yr7iJeSLd/7nF8X4gTYssKh+n77hxl6Oilp3NnG1CKRHxZDy3o3lIBnwgzJkdyUAiYWO1bTMXQ1lA=="],

    "@oxlint/linux-arm64-gnu": ["@oxlint/linux-arm64-gnu@1.39.0", "", { "os": "linux", "cpu": "arm64" }, "sha512-qocBkvS2V6rH0t9AT3DfQunMnj3xkM7srs5/Ycj2j5ZqMoaWd/FxHNVJDFP++35roKSvsRJoS0mtA8/77jqm6Q=="],

    "@oxlint/linux-arm64-musl": ["@oxlint/linux-arm64-musl@1.39.0", "", { "os": "linux", "cpu": "arm64" }, "sha512-arZzAc1PPcz9epvGBBCMHICeyQloKtHX3eoOe62B3Dskn7gf6Q14wnDHr1r9Vp4vtcBATNq6HlKV14smdlC/qA=="],

    "@oxlint/linux-x64-gnu": ["@oxlint/linux-x64-gnu@1.39.0", "", { "os": "linux", "cpu": "x64" }, "sha512-ZVt5qsECpuNprdWxAPpDBwoixr1VTcZ4qAEQA2l/wmFyVPDYFD3oBY/SWACNnWBddMrswjTg9O8ALxYWoEpmXw=="],

    "@oxlint/linux-x64-musl": ["@oxlint/linux-x64-musl@1.39.0", "", { "os": "linux", "cpu": "x64" }, "sha512-pB0hlGyKPbxr9NMIV783lD6cWL3MpaqnZRM9MWni4yBdHPTKyFNYdg5hGD0Bwg+UP4S2rOevq/+OO9x9Bi7E6g=="],

    "@oxlint/win32-arm64": ["@oxlint/win32-arm64@1.39.0", "", { "os": "win32", "cpu": "arm64" }, "sha512-Gg2SFaJohI9+tIQVKXlPw3FsPQFi/eCSWiCgwPtPn5uzQxHRTeQEZKuluz1fuzR5U70TXubb2liZi4Dgl8LJQA=="],

    "@oxlint/win32-x64": ["@oxlint/win32-x64@1.39.0", "", { "os": "win32", "cpu": "x64" }, "sha512-sbi25lfj74hH+6qQtb7s1wEvd1j8OQbTaH8v3xTcDjrwm579Cyh0HBv1YSZ2+gsnVwfVDiCTL1D0JsNqYXszVA=="],

    "@standard-schema/spec": ["@standard-schema/spec@1.1.0", "", {}, "sha512-l2aFy5jALhniG5HgqrD6jXLi/rUWrKvqN/qJx6yoJsgKhblVd+iqqU4RCXavm/jPityDo5TCvKMnpjKnOriy0w=="],

    "@types/bonjour": ["@types/bonjour@3.5.13", "", { "dependencies": { "@types/node": "*" } }, "sha512-z9fJ5Im06zvUL548KvYNecEVlA7cVDkGUi6kZusb04mpyEFKCIZJvloCcmpmLaIahDpOQGHaHmG6imtPMmPXGQ=="],

    "@types/bun": ["@types/bun@1.3.14", "", { "dependencies": { "bun-types": "1.3.14" } }, "sha512-h1hFqFVcvAvD9j9K7ZW7vd82aSA+rTdznZa+5bwvCwqSB1jmmfLcbIWhOLx1/+boy/xmjgCs/OMUL8hRJSmnPw=="],

    "@types/node": ["@types/node@25.0.9", "", { "dependencies": { "undici-types": "~7.16.0" } }, "sha512-/rpCXHlCWeqClNBwUhDcusJxXYDjZTyE8v5oTO7WbL8eij2nKhUeU89/6xgjU7N4/Vh3He0BtyhJdQbDyhiXAw=="],

    "ansi-regex": ["ansi-regex@6.2.2", "", {}, "sha512-Bq3SmSpyFHaWjPk8If9yc6svM8c56dB5BAtW4Qbw5jHTwwXXcTLoRMkpDJp6VL0XzlWaCHTXrkFURMYmD0sLqg=="],

    "array-flatten": ["array-flatten@2.1.2", "", {}, "sha512-hNfzcOV8W4NdualtqBFPyVO+54DSJuZGY9qT4pRroB6S9e3iiido2ISIC5h9R2sPJ8H3FHCIiEnsv1lPXO3KtQ=="],

    "bonjour": ["bonjour@3.5.1", "", { "dependencies": { "array-flatten": "^2.1.0", "deep-equal": "^1.0.1", "dns-equal": "^1.0.0", "dns-txt": "^2.0.2", "multicast-dns": "^7.2.3", "multicast-dns-service-types": "^1.1.0" } }, "sha512-xONzj4PfpPJw6xSqCcT2SmQkBOXpUINUz3o3qXcWJwYlXbkZNcNaUae0o5lle7tKt4HHV6dTgkIRhAXZ3nBMsQ=="],

    "buffer-indexof": ["buffer-indexof@1.1.1", "", {}, "sha512-4/rOEg86jivtPTeOUUT61jJO1Ya1TrR/OkqCSZDyq84WJh3LuuiphBYJN+fm5xufIk4XAFcEwte/8WzC8If/1g=="],

    "bun-ffi-structs": ["bun-ffi-structs@0.2.2", "", { "peerDependencies": { "typescript": "^5" } }, "sha512-N/ZWtyN0piZlrXQT7TO0V+q952orYqkfhXRXM1Hcbb+R3QSiBH4vLnib187Mrs1H7pWIYECAmPeapGYDOMCl+w=="],

    "bun-types": ["bun-types@1.3.14", "", { "dependencies": { "@types/node": "*" } }, "sha512-4N0ig0fEomHt5R0KCFWjovxow98rIoRwKolrYdCcknNwMekCXRnWEUvgu5soYV8QXtVsrUD8B95MBOZGPvr6KQ=="],

    "call-bind": ["call-bind@1.0.9", "", { "dependencies": { "call-bind-apply-helpers": "^1.0.2", "es-define-property": "^1.0.1", "get-intrinsic": "^1.3.0", "set-function-length": "^1.2.2" } }, "sha512-a/hy+pNsFUTR+Iz8TCJvXudKVLAnz/DyeSUo10I5yvFDQJBFU2s9uqQpoSrJlroHUKoKqzg+epxyP9lqFdzfBQ=="],

    "call-bind-apply-helpers": ["call-bind-apply-helpers@1.0.2", "", { "dependencies": { "es-errors": "^1.3.0", "function-bind": "^1.1.2" } }, "sha512-Sp1ablJ0ivDkSzjcaJdxEunN5/XvksFJ2sMBFfq6x0ryhQV/2b/KwFe21cMpmHtPOSij8K99/wSfoEuTObmuMQ=="],

    "call-bound": ["call-bound@1.0.4", "", { "dependencies": { "call-bind-apply-helpers": "^1.0.2", "get-intrinsic": "^1.3.0" } }, "sha512-+ys997U96po4Kx/ABpBCqhA9EuxJaQWDQg7295H4hBphv3IZg0boBKuwYpt4YXp6MZ5AmZQnU/tyMTlRpaSejg=="],

    "deep-equal": ["deep-equal@1.1.2", "", { "dependencies": { "is-arguments": "^1.1.1", "is-date-object": "^1.0.5", "is-regex": "^1.1.4", "object-is": "^1.1.5", "object-keys": "^1.1.1", "regexp.prototype.flags": "^1.5.1" } }, "sha512-5tdhKF6DbU7iIzrIOa1AOUt39ZRm13cmL1cGEh//aqR8x9+tNfbywRf0n5FD/18OKMdo7DNEtrX2t22ZAkI+eg=="],

    "define-data-property": ["define-data-property@1.1.4", "", { "dependencies": { "es-define-property": "^1.0.0", "es-errors": "^1.3.0", "gopd": "^1.0.1" } }, "sha512-rBMvIzlpA8v6E+SJZoo++HAYqsLrkg7MSfIinMPFhmkorw7X+dOXVJQs+QT69zGkzMyfDnIMN2Wid1+NbL3T+A=="],

    "define-properties": ["define-properties@1.2.1", "", { "dependencies": { "define-data-property": "^1.0.1", "has-property-descriptors": "^1.0.0", "object-keys": "^1.1.1" } }, "sha512-8QmQKqEASLd5nx0U1B1okLElbUuuttJ/AnYmRXbbbGDWh6uS208EjD4Xqq/I9wK7u0v6O08XhTWnt5XtEbR6Dg=="],

    "diff": ["diff@9.0.0", "", {}, "sha512-svtcdpS8CgJyqAjEQIXdb3OjhFVVYjzGAPO8WGCmRbrml64SPw/jJD4GoE98aR7r25A0XcgrK3F02yw9R/vhQw=="],

    "dns-equal": ["dns-equal@1.0.0", "", {}, "sha512-z+paD6YUQsk+AbGCEM4PrOXSss5gd66QfcVBFTKR/HpFL9jCqikS94HYwKww6fQyO7IxrIIyUu+g0Ka9tUS2Cg=="],

    "dns-packet": ["dns-packet@5.6.1", "", { "dependencies": { "@leichtgewicht/ip-codec": "^2.0.1" } }, "sha512-l4gcSouhcgIKRvyy99RNVOgxXiicE+2jZoNmaNmZ6JXiGajBOJAesk1OBlJuM5k2c+eudGdLxDqXuPCKIj6kpw=="],

    "dns-txt": ["dns-txt@2.0.2", "", { "dependencies": { "buffer-indexof": "^1.0.0" } }, "sha512-Ix5PrWjphuSoUXV/Zv5gaFHjnaJtb02F2+Si3Ht9dyJ87+Z/lMmy+dpNHtTGraNK958ndXq2i+GLkWsWHcKaBQ=="],

    "drizzle-orm": ["drizzle-orm@0.44.7", "", { "peerDependencies": { "@aws-sdk/client-rds-data": ">=3", "@cloudflare/workers-types": ">=4", "@electric-sql/pglite": ">=0.2.0", "@libsql/client": ">=0.10.0", "@libsql/client-wasm": ">=0.10.0", "@neondatabase/serverless": ">=0.10.0", "@op-engineering/op-sqlite": ">=2", "@opentelemetry/api": "^1.4.1", "@planetscale/database": ">=1.13", "@prisma/client": "*", "@tidbcloud/serverless": "*", "@types/better-sqlite3": "*", "@types/pg": "*", "@types/sql.js": "*", "@upstash/redis": ">=1.34.7", "@vercel/postgres": ">=0.8.0", "@xata.io/client": "*", "better-sqlite3": ">=7", "bun-types": "*", "expo-sqlite": ">=14.0.0", "gel": ">=2", "knex": "*", "kysely": "*", "mysql2": ">=2", "pg": ">=8", "postgres": ">=3", "sql.js": ">=1", "sqlite3": ">=5" }, "optionalPeers": ["@aws-sdk/client-rds-data", "@cloudflare/workers-types", "@electric-sql/pglite", "@libsql/client", "@libsql/client-wasm", "@neondatabase/serverless", "@op-engineering/op-sqlite", "@opentelemetry/api", "@planetscale/database", "@prisma/client", "@tidbcloud/serverless", "@types/better-sqlite3", "@types/pg", "@types/sql.js", "@upstash/redis", "@vercel/postgres", "@xata.io/client", "better-sqlite3", "bun-types", "expo-sqlite", "gel", "knex", "kysely", "mysql2", "pg", "postgres", "sql.js", "sqlite3"] }, "sha512-quIpnYznjU9lHshEOAYLoZ9s3jweleHlZIAWR/jX9gAWNg/JhQ1wj0KGRf7/Zm+obRrYd9GjPVJg790QY9N5AQ=="],

    "dunder-proto": ["dunder-proto@1.0.1", "", { "dependencies": { "call-bind-apply-helpers": "^1.0.1", "es-errors": "^1.3.0", "gopd": "^1.2.0" } }, "sha512-KIN/nDJBQRcXw0MLVhZE9iQHmG68qAVIBg9CqmUYjmQIhgij9U5MFvrqkUL5FbtyyzZuOeOt0zdeRe4UY7ct+A=="],

    "effect": ["effect@3.21.2", "", { "dependencies": { "@standard-schema/spec": "^1.0.0", "fast-check": "^3.23.1" } }, "sha512-rXd2FGDM8KdjSIrc+mqEELo7ScW7xTVxEf1iInmPSpIde9/nyGuFM710cjTo7/EreGXiUX2MOonPpprbz2XHCg=="],

    "emoji-regex": ["emoji-regex@10.6.0", "", {}, "sha512-toUI84YS5YmxW219erniWD0CIVOo46xGKColeNQRgOzDorgBi1v4D71/OFzgD9GO2UGKIv1C3Sp8DAn0+j5w7A=="],

    "es-define-property": ["es-define-property@1.0.1", "", {}, "sha512-e3nRfgfUZ4rNGL232gUgX06QNyyez04KdjFrF+LTRoOXmrOgFKDg4BCdsjW8EnT69eqdYGmRpJwiPVYNrCaW3g=="],

    "es-errors": ["es-errors@1.3.0", "", {}, "sha512-Zf5H2Kxt2xjTvbJvP2ZWLEICxA6j+hAmMzIlypy4xcBg1vKVnx89Wy0GbS+kf5cwCVFFzdCFh2XSCFNULS6csw=="],

    "es-object-atoms": ["es-object-atoms@1.1.1", "", { "dependencies": { "es-errors": "^1.3.0" } }, "sha512-FGgH2h8zKNim9ljj7dankFPcICIK9Cp5bm+c2gQSYePhpaG5+esrLODihIorn+Pe6FGJzWhXQotPv73jTaldXA=="],

    "fast-check": ["fast-check@3.23.2", "", { "dependencies": { "pure-rand": "^6.1.0" } }, "sha512-h5+1OzzfCC3Ef7VbtKdcv7zsstUQwUDlYpUTvjeUsJAssPgLn7QzbboPtL5ro04Mq0rPOsMzl7q5hIbRs2wD1A=="],

    "function-bind": ["function-bind@1.1.2", "", {}, "sha512-7XHNxH7qX9xG5mIwxkhumTox/MIRNcOgDrxWsMt2pAr23WHp6MrRlN7FBSFpCpr+oVO0F744iUgR82nJMfG2SA=="],

    "functions-have-names": ["functions-have-names@1.2.3", "", {}, "sha512-xckBUXyTIqT97tq2x2AMb+g163b5JFysYk0x4qxNFwbfQkmNZoiRHb6sPzI9/QV33WeuvVYBUIiD4NzNIyqaRQ=="],

    "get-east-asian-width": ["get-east-asian-width@1.6.0", "", {}, "sha512-QRbvDIbx6YklUe6RxeTeleMR0yv3cYH6PsPZHcnVn7xv7zO1BHN8r0XETu8n6Ye3Q+ahtSarc3WgtNWmehIBfA=="],

    "get-intrinsic": ["get-intrinsic@1.3.0", "", { "dependencies": { "call-bind-apply-helpers": "^1.0.2", "es-define-property": "^1.0.1", "es-errors": "^1.3.0", "es-object-atoms": "^1.1.1", "function-bind": "^1.1.2", "get-proto": "^1.0.1", "gopd": "^1.2.0", "has-symbols": "^1.1.0", "hasown": "^2.0.2", "math-intrinsics": "^1.1.0" } }, "sha512-9fSjSaos/fRIVIp+xSJlE6lfwhES7LNtKaCBIamHsjr2na1BiABJPo0mOjjz8GJDURarmCPGqaiVg5mfjb98CQ=="],

    "get-proto": ["get-proto@1.0.1", "", { "dependencies": { "dunder-proto": "^1.0.1", "es-object-atoms": "^1.0.0" } }, "sha512-sTSfBjoXBp89JvIKIefqw7U2CCebsc74kiY6awiGogKtoSGbgjYE/G/+l9sF3MWFPNc9IcoOC4ODfKHfxFmp0g=="],

    "gopd": ["gopd@1.2.0", "", {}, "sha512-ZUKRh6/kUFoAiTAtTYPZJ3hw9wNxx+BIBOijnlG9PnrJsCcSjs1wyyD6vJpaYtgnzDrKYRSqf3OO6Rfa93xsRg=="],

    "has-property-descriptors": ["has-property-descriptors@1.0.2", "", { "dependencies": { "es-define-property": "^1.0.0" } }, "sha512-55JNKuIW+vq4Ke1BjOTjM2YctQIvCT7GFzHwmfZPGo5wnrgkid0YQtnAleFSqumZm4az3n2BS+erby5ipJdgrg=="],

    "has-symbols": ["has-symbols@1.1.0", "", {}, "sha512-1cDNdwJ2Jaohmb3sg4OmKaMBwuC48sYni5HUw2DvsC8LjGTLK9h+eb1X6RyuOHe4hT0ULCW68iomhjUoKUqlPQ=="],

    "has-tostringtag": ["has-tostringtag@1.0.2", "", { "dependencies": { "has-symbols": "^1.0.3" } }, "sha512-NqADB8VjPFLM2V0VvHUewwwsw0ZWBaIdgo+ieHtK3hasLz4qeCRjYcqfB6AQrBggRKppKF8L52/VqdVsO47Dlw=="],

    "hasown": ["hasown@2.0.2", "", { "dependencies": { "function-bind": "^1.1.2" } }, "sha512-0hJU9SCPvmMzIBdZFqNPXWa6dqh7WdH0cII9y+CyS8rG3nL48Bclra9HmKhVVUHyPWNH5Y7xDwAB7bfgSjkUMQ=="],

    "is-arguments": ["is-arguments@1.2.0", "", { "dependencies": { "call-bound": "^1.0.2", "has-tostringtag": "^1.0.2" } }, "sha512-7bVbi0huj/wrIAOzb8U1aszg9kdi3KN/CyU19CTI7tAoZYEZoL9yCDXpbXN+uPsuWnP02cyug1gleqq+TU+YCA=="],

    "is-date-object": ["is-date-object@1.1.0", "", { "dependencies": { "call-bound": "^1.0.2", "has-tostringtag": "^1.0.2" } }, "sha512-PwwhEakHVKTdRNVOw+/Gyh0+MzlCl4R6qKvkhuvLtPMggI1WAHt9sOwZxQLSGpUaDnrdyDsomoRgNnCfKNSXXg=="],

    "is-regex": ["is-regex@1.2.1", "", { "dependencies": { "call-bound": "^1.0.2", "gopd": "^1.2.0", "has-tostringtag": "^1.0.2", "hasown": "^2.0.2" } }, "sha512-MjYsKHO5O7mCsmRGxWcLWheFqN9DJ/2TmngvjKXihe6efViPqc274+Fx/4fYj/r03+ESvBdTXK0V6tA3rgez1g=="],

    "lefthook": ["lefthook@2.1.8", "", { "optionalDependencies": { "lefthook-darwin-arm64": "2.1.8", "lefthook-darwin-x64": "2.1.8", "lefthook-freebsd-arm64": "2.1.8", "lefthook-freebsd-x64": "2.1.8", "lefthook-linux-arm64": "2.1.8", "lefthook-linux-x64": "2.1.8", "lefthook-openbsd-arm64": "2.1.8", "lefthook-openbsd-x64": "2.1.8", "lefthook-windows-arm64": "2.1.8", "lefthook-windows-x64": "2.1.8" }, "bin": { "lefthook": "bin/index.js" } }, "sha512-tJIoVpFF52PuU8YPJI9bRprGwzI6FR2GNeBbpMnXdRjjfJHyOR4VRLXilzoQ6lbhKVHfTohXhrQgLpU41bKITg=="],

    "lefthook-darwin-arm64": ["lefthook-darwin-arm64@2.1.8", "", { "os": "darwin", "cpu": "arm64" }, "sha512-6dZr2QUdJOOvy9FjQHZoFVfPjgxb9IH5f9DeU0OBYMQ0cUGvb5YjHnkUkRrWIlASmwFm1bk3OPwhqKU7pTsICw=="],

    "lefthook-darwin-x64": ["lefthook-darwin-x64@2.1.8", "", { "os": "darwin", "cpu": "x64" }, "sha512-DW1yc+W5RBHdwaPJ94/mwFNROmNHI8Osu0iziIeJFXJIdkQ2P+KHfoxBWejYd2QA2Eu5W9i+gBssTDkJ4kX2kA=="],

    "lefthook-freebsd-arm64": ["lefthook-freebsd-arm64@2.1.8", "", { "os": "freebsd", "cpu": "arm64" }, "sha512-rmWVdImTihY/V1bLSb3zeDxEHjRBQtudnkKKsoph934enIWPwzIap5zVHHAj8q9mzp0wpn5r1ybX55aO2wM61A=="],

    "lefthook-freebsd-x64": ["lefthook-freebsd-x64@2.1.8", "", { "os": "freebsd", "cpu": "x64" }, "sha512-o1AG4CpmgESxLqZWzkXhne+PhLhLFV0GHVAIJCmieOwq4q2+rDYAudGhtot/NrgSpyMCo84qVSQmI8Dgnu1XJw=="],

    "lefthook-linux-arm64": ["lefthook-linux-arm64@2.1.8", "", { "os": "linux", "cpu": "arm64" }, "sha512-er3zTjx2DMxojPJ1LZv0G3ug9Th+mAapqWrt5ZZhQNcXWW28pfvo2fCqBs6Fz14GMn4xassmwOpGovutSh1UtA=="],

    "lefthook-linux-x64": ["lefthook-linux-x64@2.1.8", "", { "os": "linux", "cpu": "x64" }, "sha512-3yGx0VFbPcaKiIir313ETNcyq34CfAwkIU+Ry3WMGDjrsRNuA/YlDxm0BHKLcum7u+rpVfT4Uz6r8gHdaHXolg=="],

    "lefthook-openbsd-arm64": ["lefthook-openbsd-arm64@2.1.8", "", { "os": "openbsd", "cpu": "arm64" }, "sha512-Dq+GJdJdclOwxt4NneTFHjLSA4v8tI7XUZq40KUVtpUQDpZcYhXSdkTytB0uLmD52tbFKt9Kx0VbB6uvxPvLvw=="],

    "lefthook-openbsd-x64": ["lefthook-openbsd-x64@2.1.8", "", { "os": "openbsd", "cpu": "x64" }, "sha512-/Gv2EdlzyiDoK+9fDWIn+EeTgrNeVncQsSeAF47X2Abe5LGxuFjZbBXxEIkY1BU79OQNNLnkx0gFHbrr5mmd9Q=="],

    "lefthook-windows-arm64": ["lefthook-windows-arm64@2.1.8", "", { "os": "win32", "cpu": "arm64" }, "sha512-S+/pBBj/7hMQOl9pLBS4Ut8+U0feQbzmD7iN0ifNth4r/uqW8UFFAHwERbclfsVnni4ceHpt7lFr7sXsu0RU8g=="],

    "lefthook-windows-x64": ["lefthook-windows-x64@2.1.8", "", { "os": "win32", "cpu": "x64" }, "sha512-MpdgKMU/JLLCsEpTqJ9jWlxngSdDh3EknvUHveWePrIms7G11y6R3oZBNRSqZ+zx/PGNl/HKvqEtbwtw8Hz3gw=="],

    "marked": ["marked@17.0.1", "", { "bin": { "marked": "bin/marked.js" } }, "sha512-boeBdiS0ghpWcSwoNm/jJBwdpFaMnZWRzjA6SkUMYb40SVaN1x7mmfGKp0jvexGcx+7y2La5zRZsYFZI6Qpypg=="],

    "math-intrinsics": ["math-intrinsics@1.1.0", "", {}, "sha512-/IXtbwEk5HTPyEwyKX6hGkYXxM9nbj64B+ilVJnC/R6B0pH5G4V3b0pVbL7DBj4tkhBAppbQUlf6F6Xl9LHu1g=="],

    "multicast-dns": ["multicast-dns@7.2.5", "", { "dependencies": { "dns-packet": "^5.2.2", "thunky": "^1.0.2" }, "bin": { "multicast-dns": "cli.js" } }, "sha512-2eznPJP8z2BFLX50tf0LuODrpINqP1RVIm/CObbTcBRITQgmC/TjcREF1NeTBzIcR5XO/ukWo+YHOjBbFwIupg=="],

    "multicast-dns-service-types": ["multicast-dns-service-types@1.1.0", "", {}, "sha512-cnAsSVxIDsYt0v7HmC0hWZFwwXSh+E6PgCrREDuN/EsjgLwA5XRmlMHhSiDPrt6HxY1gTivEa/Zh7GtODoLevQ=="],

    "object-is": ["object-is@1.1.6", "", { "dependencies": { "call-bind": "^1.0.7", "define-properties": "^1.2.1" } }, "sha512-F8cZ+KfGlSGi09lJT7/Nd6KJZ9ygtvYC0/UYYLI9nmQKLMnydpB9yvbv9K1uSkEu7FU9vYPmVwLg328tX+ot3Q=="],

    "object-keys": ["object-keys@1.1.1", "", {}, "sha512-NuAESUOUMrlIXOfHKzD6bpPu3tYt3xvjNdRIQ+FeT0lNb4K8WR70CaDxhuNguS2XG+GjkyMwOzsN5ZktImfhLA=="],

    "oxfmt": ["oxfmt@0.24.0", "", { "dependencies": { "tinypool": "2.0.0" }, "optionalDependencies": { "@oxfmt/darwin-arm64": "0.24.0", "@oxfmt/darwin-x64": "0.24.0", "@oxfmt/linux-arm64-gnu": "0.24.0", "@oxfmt/linux-arm64-musl": "0.24.0", "@oxfmt/linux-x64-gnu": "0.24.0", "@oxfmt/linux-x64-musl": "0.24.0", "@oxfmt/win32-arm64": "0.24.0", "@oxfmt/win32-x64": "0.24.0" }, "bin": { "oxfmt": "bin/oxfmt" } }, "sha512-UjeM3Peez8Tl7IJ9s5UwAoZSiDRMww7BEc21gDYxLq3S3/KqJnM3mjNxsoSHgmBvSeX6RBhoVc2MfC/+96RdSw=="],

    "oxlint": ["oxlint@1.39.0", "", { "optionalDependencies": { "@oxlint/darwin-arm64": "1.39.0", "@oxlint/darwin-x64": "1.39.0", "@oxlint/linux-arm64-gnu": "1.39.0", "@oxlint/linux-arm64-musl": "1.39.0", "@oxlint/linux-x64-gnu": "1.39.0", "@oxlint/linux-x64-musl": "1.39.0", "@oxlint/win32-arm64": "1.39.0", "@oxlint/win32-x64": "1.39.0" }, "peerDependencies": { "oxlint-tsgolint": ">=0.10.0" }, "optionalPeers": ["oxlint-tsgolint"], "bin": { "oxlint": "bin/oxlint" } }, "sha512-wSiLr0wjG+KTU6c1LpVoQk7JZ7l8HCKlAkVDVTJKWmCGazsNxexxnOXl7dsar92mQcRnzko5g077ggP3RINSjA=="],

    "pure-rand": ["pure-rand@6.1.0", "", {}, "sha512-bVWawvoZoBYpp6yIoQtQXHZjmz35RSVHnUOTefl8Vcjr8snTPY1wnpSPMWekcFwbxI6gtmT7rSYPFvz71ldiOA=="],

    "react": ["react@19.2.6", "", {}, "sha512-sfWGGfavi0xr8Pg0sVsyHMAOziVYKgPLNrS7ig+ivMNb3wbCBw3KxtflsGBAwD3gYQlE/AEZsTLgToRrSCjb0Q=="],

    "react-devtools-core": ["react-devtools-core@7.0.1", "", { "dependencies": { "shell-quote": "^1.6.1", "ws": "^7" } }, "sha512-C3yNvRHaizlpiASzy7b9vbnBGLrhvdhl1CbdU6EnZgxPNbai60szdLtl+VL76UNOt5bOoVTOz5rNWZxgGt+Gsw=="],

    "react-reconciler": ["react-reconciler@0.33.0", "", { "dependencies": { "scheduler": "^0.27.0" }, "peerDependencies": { "react": "^19.2.0" } }, "sha512-KetWRytFv1epdpJc3J4G75I4WrplZE5jOL7Yq0p34+OVOKF4Se7WrdIdVC45XsSSmUTlht2FM/fM1FZb1mfQeA=="],

    "regexp.prototype.flags": ["regexp.prototype.flags@1.5.4", "", { "dependencies": { "call-bind": "^1.0.8", "define-properties": "^1.2.1", "es-errors": "^1.3.0", "get-proto": "^1.0.1", "gopd": "^1.2.0", "set-function-name": "^2.0.2" } }, "sha512-dYqgNSZbDwkaJ2ceRd9ojCGjBq+mOm9LmtXnAnEGyHhN/5R7iDW2TRw3h+o/jCFxus3P2LfWIIiwowAjANm7IA=="],

    "scheduler": ["scheduler@0.27.0", "", {}, "sha512-eNv+WrVbKu1f3vbYJT/xtiF5syA5HPIMtf9IgY/nKg0sWqzAUEvqY/xm7OcZc/qafLx/iO9FgOmeSAp4v5ti/Q=="],

    "set-function-length": ["set-function-length@1.2.2", "", { "dependencies": { "define-data-property": "^1.1.4", "es-errors": "^1.3.0", "function-bind": "^1.1.2", "get-intrinsic": "^1.2.4", "gopd": "^1.0.1", "has-property-descriptors": "^1.0.2" } }, "sha512-pgRc4hJ4/sNjWCSS9AmnS40x3bNMDTknHgL5UaMBTMyJnU90EgWh1Rz+MC9eFu4BuN/UwZjKQuY/1v3rM7HMfg=="],

    "set-function-name": ["set-function-name@2.0.2", "", { "dependencies": { "define-data-property": "^1.1.4", "es-errors": "^1.3.0", "functions-have-names": "^1.2.3", "has-property-descriptors": "^1.0.2" } }, "sha512-7PGFlmtwsEADb0WYyvCMa1t+yke6daIG4Wirafur5kcf+MhUnPms1UeR0CKQdTZD81yESwMHbtn+TR+dMviakQ=="],

    "shell-quote": ["shell-quote@1.8.4", "", {}, "sha512-VsC6n6vz1ihYYyZZwX7YZSF5l5x36ca17OC+a69h94YqB7X6XLwf+5MOgynYir2SLFUbl8gIYvBo8K8RoNQ6bQ=="],

    "string-width": ["string-width@7.2.0", "", { "dependencies": { "emoji-regex": "^10.3.0", "get-east-asian-width": "^1.0.0", "strip-ansi": "^7.1.0" } }, "sha512-tsaTIkKW9b4N+AEj+SVA+WhJzV7/zMhcSu78mLKWSk7cXMOSHsBKFWUs0fWwq8QyK3MgJBQRX6Gbi4kYbdvGkQ=="],

    "strip-ansi": ["strip-ansi@7.1.2", "", { "dependencies": { "ansi-regex": "^6.0.1" } }, "sha512-gmBGslpoQJtgnMAvOVqGZpEz9dyoKTCzy2nfz/n8aIFhN/jCE/rCmcxabB6jOOHV+0WNnylOxaxBQPSvcWklhA=="],

    "thunky": ["thunky@1.1.0", "", {}, "sha512-eHY7nBftgThBqOyHGVN+l8gF0BucP09fMo0oO/Lb0w1OF80dJv+lDVpXG60WMQvkcxAkNybKsrEIE3ZtKGmPrA=="],

    "tinypool": ["tinypool@2.0.0", "", {}, "sha512-/RX9RzeH2xU5ADE7n2Ykvmi9ED3FBGPAjw9u3zucrNNaEBIO0HPSYgL0NT7+3p147ojeSdaVu08F6hjpv31HJg=="],

    "tui": ["tui@workspace:packages/tui"],

    "typescript": ["typescript@5.9.3", "", { "bin": { "tsc": "bin/tsc", "tsserver": "bin/tsserver" } }, "sha512-jl1vZzPDinLr9eUt3J/t7V6FgNEw9QjvBPdysz9KfQDD41fQrC2Y4vKQdiaUpFT4bXlb1RHhLpp8wtm6M5TgSw=="],

    "undici-types": ["undici-types@7.16.0", "", {}, "sha512-Zz+aZWSj8LE6zoxD+xrjh4VfkIG8Ya6LvYkZqtUQGJPZjYl53ypCaUwWqo7eI0x66KBGeRo+mlBEkMSeSZ38Nw=="],

    "web-tree-sitter": ["web-tree-sitter@0.25.10", "", { "peerDependencies": { "@types/emscripten": "^1.40.0" }, "optionalPeers": ["@types/emscripten"] }, "sha512-Y09sF44/13XvgVKgO2cNDw5rGk6s26MgoZPXLESvMXeefBf7i6/73eFurre0IsTW6E14Y0ArIzhUMmjoc7xyzA=="],

    "ws": ["ws@8.21.0", "", { "peerDependencies": { "bufferutil": "^4.0.1", "utf-8-validate": ">=5.0.2" }, "optionalPeers": ["bufferutil", "utf-8-validate"] }, "sha512-Vsp28b7DRcimFQvrqu2Wek3z1iYxDCWqHYB8Qsnk/S4RfaCQzPGPyBNuVjJV3cd6UiKtUtp6sNM77gWvzcCH+g=="],

    "yoga-layout": ["yoga-layout@3.2.1", "", {}, "sha512-0LPOt3AxKqMdFBZA3HBAt/t/8vIKq7VaQYbuA8WxCgung+p9TVyKRYdpvCb80HcdTN2NkbIKbhNwKUfm3tQywQ=="],

    "react-devtools-core/ws": ["ws@7.5.11", "", { "peerDependencies": { "bufferutil": "^4.0.1", "utf-8-validate": "^5.0.2" }, "optionalPeers": ["bufferutil", "utf-8-validate"] }, "sha512-zS54Oen9bITtp7kp2XM3AydrCIq1D+HwJOuH+c+e4LfpL/lotP5osijd+UoMnxwAam1GN8R4KtLAyIrIcBNpiA=="],
  }
}
